
Microsoft Visual Studio Solution File, Format Version 12.00
# Visual Studio 15
VisualStudioVersion = 15.0.27130.2010
MinimumVisualStudioVersion = 10.0.40219.1
Project("{FAE04EC0-301F-11D3-BF4B-00C04F79EFBC}") = "WebNotebook", "WebNotebook\WebNotebook.csproj", "{8B1F6E7E-DAEB-44AB-8596-5A642A20565C}"
EndProject
Global
	GlobalSection(SolutionConfigurationPlatforms) = preSolution
		Debug|Any CPU = Debug|Any CPU
		Release|Any CPU = Release|Any CPU
	EndGlobalSection
	GlobalSection(ProjectConfigurationPlatforms) = postSolution
		{8B1F6E7E-DAEB-44AB-8596-5A642A20565C}.Debug|Any CPU.ActiveCfg = Debug|Any CPU
		{8B1F6E7E-DAEB-44AB-8596-5A642A20565C}.Debug|Any CPU.Build.0 = Debug|Any CPU
		{8B1F6E7E-DAEB-44AB-8596-5A642A20565C}.Release|Any CPU.ActiveCfg = Release|Any CPU
		{8B1F6E7E-DAEB-44AB-8596-5A642A20565C}.Release|Any CPU.Build.0 = Release|Any CPU
	EndGlobalSection
	GlobalSection(SolutionProperties) = preSolution
		HideSolutionNode = FALSE
	EndGlobalSection
	GlobalSection(ExtensibilityGlobals) = postSolution
		SolutionGuid = {4DCD9747-525E-4C63-9B68-4666F0482065}
	EndGlobalSection
EndGlobal
